Microsoft Visual Studio Solution File, Format Version 12.00
# Visual Studio Version 17
VisualStudioVersion = 17.5.2.0
MinimumVisualStudioVersion = 10.0.40219.1
Project("{FAE04EC0-301F-11D3-BF4B-00C04F79EFBC}") = "LocalService", "LocalService.csproj", "{CF7456C3-47A3-22F3-A520-0719FD342597}"
EndProject
Global
	GlobalSection(SolutionConfigurationPlatforms) = preSolution
		Debug|Any CPU = Debug|Any CPU
		Release|Any CPU = Release|Any CPU
	EndGlobalSection
	GlobalSection(ProjectConfigurationPlatforms) = postSolution
		{CF7456C3-47A3-22F3-A520-0719FD342597}.Debug|Any CPU.ActiveCfg = Debug|Any CPU
		{CF7456C3-47A3-22F3-A520-0719FD342597}.Debug|Any CPU.Build.0 = Debug|Any CPU
		{CF7456C3-47A3-22F3-A520-0719FD342597}.Release|Any CPU.ActiveCfg = Release|Any CPU
		{CF7456C3-47A3-22F3-A520-0719FD342597}.Release|Any CPU.Build.0 = Release|Any CPU
	EndGlobalSection
	GlobalSection(SolutionProperties) = preSolution
		HideSolutionNode = FALSE
	EndGlobalSection
	GlobalSection(ExtensibilityGlobals) = postSolution
		SolutionGuid = {DBB5E1E4-1328-46F3-B729-EAEB1EDE1C70}
	EndGlobalSection
EndGlobal
